
Microsoft Visual Studio Solution File, Format Version 12.00
# Visual Studio Version 17
VisualStudioVersion = 17.6.33723.286
MinimumVisualStudioVersion = 10.0.40219.1
Project("{FAE04EC0-301F-11D3-BF4B-00C04F79EFBC}") = "ploy01_loop", "ploy01_loop\ploy01_loop.csproj", "{6A9A93F8-DEDD-4CCD-A239-C97121F0F266}"
EndProject
Global
	GlobalSection(SolutionConfigurationPlatforms) = preSolution
		Debug|Any CPU = Debug|Any CPU
		Release|Any CPU = Release|Any CPU
	EndGlobalSection
	GlobalSection(ProjectConfigurationPlatforms) = postSolution
		{6A9A93F8-DEDD-4CCD-A239-C97121F0F266}.Debug|Any CPU.ActiveCfg = Debug|Any CPU
		{6A9A93F8-DEDD-4CCD-A239-C97121F0F266}.Debug|Any CPU.Build.0 = Debug|Any CPU
		{6A9A93F8-DEDD-4CCD-A239-C97121F0F266}.Release|Any CPU.ActiveCfg = Release|Any CPU
		{6A9A93F8-DEDD-4CCD-A239-C97121F0F266}.Release|Any CPU.Build.0 = Release|Any CPU
	EndGlobalSection
	GlobalSection(SolutionProperties) = preSolution
		HideSolutionNode = FALSE
	EndGlobalSection
	GlobalSection(ExtensibilityGlobals) = postSolution
		SolutionGuid = {2D8BAD0B-2B01-4827-B3D6-46A35EB0FE32}
	EndGlobalSection
EndGlobal
